
Microsoft Visual Studio Solution File, Format Version 12.00
# Visual Studio 15
VisualStudioVersion = 15.0.28307.645
MinimumVisualStudioVersion = 10.0.40219.1
Project("{FAE04EC0-301F-11D3-BF4B-00C04F79EFBC}") = "VSGitDemo", "VSGitDemo\VSGitDemo.csproj", "{42825144-637B-43AE-9294-5329F270B93B}"
EndProject
Global
	GlobalSection(SolutionConfigurationPlatforms) = preSolution
		Debug|Any CPU = Debug|Any CPU
		Release|Any CPU = Release|Any CPU
	EndGlobalSection
	GlobalSection(ProjectConfigurationPlatforms) = postSolution
		{42825144-637B-43AE-9294-5329F270B93B}.Debug|Any CPU.ActiveCfg = Debug|Any CPU
		{42825144-637B-43AE-9294-5329F270B93B}.Debug|Any CPU.Build.0 = Debug|Any CPU
		{42825144-637B-43AE-9294-5329F270B93B}.Release|Any CPU.ActiveCfg = Release|Any CPU
		{42825144-637B-43AE-9294-5329F270B93B}.Release|Any CPU.Build.0 = Release|Any CPU
	EndGlobalSection
	GlobalSection(SolutionProperties) = preSolution
		HideSolutionNode = FALSE
	EndGlobalSection
	GlobalSection(ExtensibilityGlobals) = postSolution
		SolutionGuid = {13B345A8-64CB-4118-B31C-9D714E4E8183}
	EndGlobalSection
EndGlobal
